
Microsoft Visual Studio Solution File, Format Version 12.00
Project("{FAE04EC0-301F-11D3-BF4B-00C04F79EFBC}") = "FeWo Verwaltung WPF", "FeWo Verwaltung WPF\FeWo Verwaltung WPF.csproj", "{7FF85FE7-2D36-4EB6-BCC5-ED098812C7B6}"
EndProject
Project("{FAE04EC0-301F-11D3-BF4B-00C04F79EFBC}") = "FeWo Verwaltung Core", "FeWo Verwaltung Core\FeWo Verwaltung Core.csproj", "{54C50FBC-0F57-4012-AFE0-45AF1F9DFC43}"
EndProject
Global
	GlobalSection(SolutionConfigurationPlatforms) = preSolution
		Debug|Any CPU = Debug|Any CPU
		Release|Any CPU = Release|Any CPU
	EndGlobalSection
	GlobalSection(ProjectConfigurationPlatforms) = postSolution
		{7FF85FE7-2D36-4EB6-BCC5-ED098812C7B6}.Debug|Any CPU.ActiveCfg = Debug|Any CPU
		{7FF85FE7-2D36-4EB6-BCC5-ED098812C7B6}.Debug|Any CPU.Build.0 = Debug|Any CPU
		{7FF85FE7-2D36-4EB6-BCC5-ED098812C7B6}.Release|Any CPU.ActiveCfg = Release|Any CPU
		{7FF85FE7-2D36-4EB6-BCC5-ED098812C7B6}.Release|Any CPU.Build.0 = Release|Any CPU
		{54C50FBC-0F57-4012-AFE0-45AF1F9DFC43}.Debug|Any CPU.ActiveCfg = Debug|Any CPU
		{54C50FBC-0F57-4012-AFE0-45AF1F9DFC43}.Debug|Any CPU.Build.0 = Debug|Any CPU
		{54C50FBC-0F57-4012-AFE0-45AF1F9DFC43}.Release|Any CPU.ActiveCfg = Release|Any CPU
		{54C50FBC-0F57-4012-AFE0-45AF1F9DFC43}.Release|Any CPU.Build.0 = Release|Any CPU
	EndGlobalSection
EndGlobal
